
Microsoft Visual Studio Solution File, Format Version 12.00
# Visual Studio Version 17
VisualStudioVersion = 17.9.34723.18
MinimumVisualStudioVersion = 10.0.40219.1
Project("{888888A0-9F3D-457C-B088-3A5042F75D52}") = "CivTrack", "CivTrack.pyproj", "{7CFC573C-0B61-40CD-84E0-837676D9B5B6}"
EndProject
Global
	GlobalSection(SolutionConfigurationPlatforms) = preSolution
		Debug|Any CPU = Debug|Any CPU
		Release|Any CPU = Release|Any CPU
	EndGlobalSection
	GlobalSection(ProjectConfigurationPlatforms) = postSolution
		{7CFC573C-0B61-40CD-84E0-837676D9B5B6}.Debug|Any CPU.ActiveCfg = Debug|Any CPU
		{7CFC573C-0B61-40CD-84E0-837676D9B5B6}.Release|Any CPU.ActiveCfg = Release|Any CPU
	EndGlobalSection
	GlobalSection(SolutionProperties) = preSolution
		HideSolutionNode = FALSE
	EndGlobalSection
	GlobalSection(ExtensibilityGlobals) = postSolution
		SolutionGuid = {52B4799F-563C-4AF2-B006-ACD902AE33D6}
	EndGlobalSection
EndGlobal
